# This file is automatically @generated by Cargo.
# It is not intended for manual editing.
[[package]]
name = "dns-resolver"
version = "0.1.0"
dependencies = [
 "slice_as_array",
]

[[package]]
name = "slice_as_array"
version = "1.1.0"
source = "registry+https://github.com/rust-lang/crates.io-index"
checksum = "64c963ee59ddedb5ab95dc2cd97c48b4a292572a52c5636fbbabdb9985bfe4c3"
